
Microsoft Visual Studio Solution File, Format Version 12.00
# Visual Studio 15
VisualStudioVersion = 15.0.27703.2035
MinimumVisualStudioVersion = 10.0.40219.1
Project("{E53339B2-1760-4266-BCC7-CA923CBCF16C}") = "docker-compose", "docker-compose.dcproj", "{433D2D79-C40B-4A5A-BA10-B2DAD11D5B26}"
EndProject
Project("{2150E333-8FDC-42A3-9474-1A3956D46DE8}") = "src", "src", "{18BECB64-926D-4C8C-A24A-8987B79CCC5B}"
EndProject
Project("{9A19103F-16F7-4668-BE54-9A1E7A4F7556}") = "AspNet21-Log", "src\AspNet21-Log\AspNet21-Log.csproj", "{54A13AA6-D9B0-43B4-B400-EC4CABC82CF3}"
EndProject
Global
	GlobalSection(SolutionConfigurationPlatforms) = preSolution
		Debug|Any CPU = Debug|Any CPU
		Release|Any CPU = Release|Any CPU
	EndGlobalSection
	GlobalSection(ProjectConfigurationPlatforms) = postSolution
		{433D2D79-C40B-4A5A-BA10-B2DAD11D5B26}.Debug|Any CPU.ActiveCfg = Debug|Any CPU
		{433D2D79-C40B-4A5A-BA10-B2DAD11D5B26}.Debug|Any CPU.Build.0 = Debug|Any CPU
		{433D2D79-C40B-4A5A-BA10-B2DAD11D5B26}.Release|Any CPU.ActiveCfg = Release|Any CPU
		{433D2D79-C40B-4A5A-BA10-B2DAD11D5B26}.Release|Any CPU.Build.0 = Release|Any CPU
		{54A13AA6-D9B0-43B4-B400-EC4CABC82CF3}.Debug|Any CPU.ActiveCfg = Debug|Any CPU
		{54A13AA6-D9B0-43B4-B400-EC4CABC82CF3}.Debug|Any CPU.Build.0 = Debug|Any CPU
		{54A13AA6-D9B0-43B4-B400-EC4CABC82CF3}.Release|Any CPU.ActiveCfg = Release|Any CPU
		{54A13AA6-D9B0-43B4-B400-EC4CABC82CF3}.Release|Any CPU.Build.0 = Release|Any CPU
	EndGlobalSection
	GlobalSection(SolutionProperties) = preSolution
		HideSolutionNode = FALSE
	EndGlobalSection
	GlobalSection(NestedProjects) = preSolution
		{54A13AA6-D9B0-43B4-B400-EC4CABC82CF3} = {18BECB64-926D-4C8C-A24A-8987B79CCC5B}
	EndGlobalSection
	GlobalSection(ExtensibilityGlobals) = postSolution
		SolutionGuid = {2ED824CA-520D-4A95-867A-7290542E4E31}
	EndGlobalSection
EndGlobal
